<?xml version="1.0" encoding="utf-8"?>
<Project ToolsVersion="4.0" xmlns="http://schemas.microsoft.com/developer/msbuild/2003">
  <ItemGroup>
    <Filter Include="Source Files">
      <UniqueIdentifier>{69ed8ff7-a5e4-4b1f-89b0-db5cb6875ead}</UniqueIdentifier>
      <Extensions>cpp;c;cxx;rc;def;r;odl;idl;hpj;bat;f90;for;f;fpp</Extensions>
    </Filter>
    <Filter Include="Header Files">
      <UniqueIdentifier>{86bf7966-d0e8-4a3c-9203-e07e2753d8be}</UniqueIdentifier>
      <Extensions>h;hpp;hxx;hm;inl;fi;fd</Extensions>
    </Filter>
    <Filter Include="Resource Files">
      <UniqueIdentifier>{0507eb55-0def-44d5-abb0-875a050f1066}</UniqueIdentifier>
      <Extensions>ico;cur;bmp;dlg;rc2;rct;bin;rgs;gif;jpg;jpeg;jpe</Extensions>
    </Filter>
  </ItemGroup>
  <ItemGroup>
    <ClCompile Include="Huffman.cpp">
      <Filter>Source Files</Filter>
    </ClCompile>
    <ClCompile Include="QuickCompress.cpp">
      <Filter>Source Files</Filter>
    </ClCompile>
    <ClCompile Include="RunLength.cpp">
      <Filter>Source Files</Filter>
    </ClCompile>
    <ClCompile Include="StdAfx.cpp">
      <Filter>Source Files</Filter>
    </ClCompile>
  </ItemGroup>
  <ItemGroup>
    <None Include="QuickCompress.def">
      <Filter>Source Files</Filter>
    </None>
    <None Include="ArithmeticEncoding.rgs">
      <Filter>Resource Files</Filter>
    </None>
    <None Include="Huffman.rgs">
      <Filter>Resource Files</Filter>
    </None>
    <None Include="RunLength.rgs">
      <Filter>Resource Files</Filter>
    </None>
  </ItemGroup>
  <ItemGroup>
    <Midl Include="QuickCompress.idl">
      <Filter>Source Files</Filter>
    </Midl>
  </ItemGroup>
  <ItemGroup>
    <ResourceCompile Include="QuickCompress.rc">
      <Filter>Source Files</Filter>
    </ResourceCompile>
  </ItemGroup>
  <ItemGroup>
    <ClInclude Include="Huffman.h">
      <Filter>Header Files</Filter>
    </ClInclude>
    <ClInclude Include="Resource.h">
      <Filter>Header Files</Filter>
    </ClInclude>
    <ClInclude Include="RunLength.h">
      <Filter>Header Files</Filter>
    </ClInclude>
    <ClInclude Include="StdAfx.h">
      <Filter>Header Files</Filter>
    </ClInclude>
    <ClInclude Include="ArithmeticEncoding.h">
      <Filter>Header Files</Filter>
    </ClInclude>
  </ItemGroup>
</Project>