
Microsoft Visual Studio Solution File, Format Version 12.00
# Visual Studio Version 17
VisualStudioVersion = 17.1.32407.343
MinimumVisualStudioVersion = 10.0.40219.1
Project("{FAE04EC0-301F-11D3-BF4B-00C04F79EFBC}") = "QCClient", "QCClient.csproj", "{BF73AD78-04E3-4362-831B-22C365A7FD09}"
EndProject
Global
	GlobalSection(SolutionConfigurationPlatforms) = preSolution
		Debug|Any CPU = Debug|Any CPU
		Release|Any CPU = Release|Any CPU
	EndGlobalSection
	GlobalSection(ProjectConfigurationPlatforms) = postSolution
		{BF73AD78-04E3-4362-831B-22C365A7FD09}.Debug|Any CPU.ActiveCfg = Debug|Any CPU
		{BF73AD78-04E3-4362-831B-22C365A7FD09}.Debug|Any CPU.Build.0 = Debug|Any CPU
		{BF73AD78-04E3-4362-831B-22C365A7FD09}.Release|Any CPU.ActiveCfg = Release|Any CPU
		{BF73AD78-04E3-4362-831B-22C365A7FD09}.Release|Any CPU.Build.0 = Release|Any CPU
	EndGlobalSection
	GlobalSection(SolutionProperties) = preSolution
		HideSolutionNode = FALSE
	EndGlobalSection
	GlobalSection(ExtensibilityGlobals) = postSolution
		SolutionGuid = {574EA3A1-627F-47E2-AEB9-BBBE5546FF53}
	EndGlobalSection
EndGlobal
